
Microsoft Visual Studio Solution File, Format Version 12.00
# Visual Studio Version 17
VisualStudioVersion = 17.5.002.0
MinimumVisualStudioVersion = 10.0.40219.1
Project("{2150E333-8FDC-42A3-9474-1A3956D46DE8}") = "Ch03", "Ch03", "{DF467D2C-F9D3-4109-A30C-D814C37AE344}"
EndProject
Project("{FAE04EC0-301F-11D3-BF4B-00C04F79EFBC}") = "arraypractice", "Ch03\arraypractice\arraypractice.csproj", "{3029CDA3-FBD2-48B8-88B9-73A03010127D}"
EndProject
Project("{FAE04EC0-301F-11D3-BF4B-00C04F79EFBC}") = "exceptionhandling", "Ch03\exceptionhandling\exceptionhandling.csproj", "{F65ACCA3-C36B-4935-8EF2-7706E7BD26F5}"
EndProject
Project("{FAE04EC0-301F-11D3-BF4B-00C04F79EFBC}") = "exceptionpractice", "Ch03\exceptionpractice\exceptionpractice.csproj", "{8E466A20-FE70-46B5-8621-FE981DB4C9EB}"
EndProject
Project("{FAE04EC0-301F-11D3-BF4B-00C04F79EFBC}") = "fizzbuz", "Ch03\fizzbuz\fizzbuz.csproj", "{52829873-7797-4C83-9FF8-4FA620F86445}"
EndProject
Project("{FAE04EC0-301F-11D3-BF4B-00C04F79EFBC}") = "iterationpractice", "Ch03\iterationpractice\iterationpractice.csproj", "{1A593536-6712-490D-8E20-99CB7550D378}"
EndProject
Project("{FAE04EC0-301F-11D3-BF4B-00C04F79EFBC}") = "operatorpractice", "Ch03\operatorpractice\operatorpractice.csproj", "{C405948D-DC7B-4BF6-91ED-D3CD5046226A}"
EndProject
Project("{FAE04EC0-301F-11D3-BF4B-00C04F79EFBC}") = "switchpractice", "Ch03\switchpractice\switchpractice.csproj", "{4F71F458-DBCB-4B3D-A3BC-82638BB59188}"
EndProject
Project("{FAE04EC0-301F-11D3-BF4B-00C04F79EFBC}") = "typepractice", "Ch03\typepractice\typepractice.csproj", "{E98BAA70-6779-4DEE-A5E2-BF0A3853147E}"
EndProject
Project("{2150E333-8FDC-42A3-9474-1A3956D46DE8}") = "Ch04", "Ch04", "{CA2864E0-6FB9-493F-B7A6-49ACD55D21D8}"
EndProject
Project("{FAE04EC0-301F-11D3-BF4B-00C04F79EFBC}") = "buggedapp", "Ch04\buggedapp\buggedapp.csproj", "{D0AE5CDB-970F-4A20-BB90-2AEC1F9C6B8E}"
EndProject
Project("{FAE04EC0-301F-11D3-BF4B-00C04F79EFBC}") = "calclib", "Ch04\calclib\calclib.csproj", "{0CE8B93D-3094-43C2-853A-E32B88234923}"
EndProject
Project("{FAE04EC0-301F-11D3-BF4B-00C04F79EFBC}") = "calclibUnitTests", "Ch04\calclibUnitTests\calclibUnitTests.csproj", "{27717FC4-FB8D-4EDF-BF81-A5F0AC575795}"
EndProject
Project("{FAE04EC0-301F-11D3-BF4B-00C04F79EFBC}") = "callstackhandling", "Ch04\callstackhandling\callstackhandling.csproj", "{D2C595BE-61F2-4A95-8A6D-E79E9AB3FE25}"
EndProject
Project("{FAE04EC0-301F-11D3-BF4B-00C04F79EFBC}") = "callstackhandlinglib", "Ch04\callstackhandlinglib\callstackhandlinglib.csproj", "{316E3768-0343-4062-A28F-587677A46A56}"
EndProject
Project("{FAE04EC0-301F-11D3-BF4B-00C04F79EFBC}") = "debugtrace", "Ch04\debugtrace\debugtrace.csproj", "{FE20E052-E74E-41CE-A79C-B94EE22AF9A0}"
EndProject
Project("{FAE04EC0-301F-11D3-BF4B-00C04F79EFBC}") = "hotreload", "Ch04\hotreload\hotreload.csproj", "{CD4DFB05-6704-4A62-B937-48FBE7CE4C5B}"
EndProject
Project("{FAE04EC0-301F-11D3-BF4B-00C04F79EFBC}") = "primefactorsapp", "Ch04\primefactorsapp\primefactorsapp.csproj", "{50B82FDC-C07D-4EC0-A8BE-73CABCD93450}"
EndProject
Project("{FAE04EC0-301F-11D3-BF4B-00C04F79EFBC}") = "primefactorslib", "Ch04\primefactorslib\primefactorslib.csproj", "{25BBAE1B-4B78-478C-A7AE-C26E8A8D5676}"
EndProject
Project("{FAE04EC0-301F-11D3-BF4B-00C04F79EFBC}") = "primefactorstests", "Ch04\primefactorstests\primefactorstests.csproj", "{2403DBDD-7229-44BE-8B55-F766F1719875}"
EndProject
Project("{FAE04EC0-301F-11D3-BF4B-00C04F79EFBC}") = "timestables", "Ch04\timestables\timestables.csproj", "{5A2DD0F6-CEB1-449E-8A91-137B4590F473}"
EndProject
Project("{FAE04EC0-301F-11D3-BF4B-00C04F79EFBC}") = "toplevelfunctions", "Ch04\toplevelfunctions\toplevelfunctions.csproj", "{767C6BB1-A027-45BC-8F24-E5F1A71E932A}"
EndProject
Project("{2150E333-8FDC-42A3-9474-1A3956D46DE8}") = "Ch05", "Ch05", "{DE3E33AD-9A8D-4CAE-AED6-AE7E3D488CD4}"
EndProject
Project("{FAE04EC0-301F-11D3-BF4B-00C04F79EFBC}") = "PacktLibraryModern", "Ch05\PacktLibraryModern\PacktLibraryModern.csproj", "{0C30EA23-A386-48A6-948F-EC151B663CB8}"
EndProject
Project("{FAE04EC0-301F-11D3-BF4B-00C04F79EFBC}") = "packtlibrarynetstandard2", "Ch05\packtlibrarynetstandard2\packtlibrarynetstandard2.csproj", "{08081436-797A-40C4-8EDC-0524F803E889}"
EndProject
Project("{FAE04EC0-301F-11D3-BF4B-00C04F79EFBC}") = "PeopleApp", "Ch05\PeopleApp\PeopleApp.csproj", "{8406FE57-0232-4FFF-ADC2-61C083AD6FBF}"
EndProject
Global
	GlobalSection(SolutionConfigurationPlatforms) = preSolution
		Debug|Any CPU = Debug|Any CPU
		Release|Any CPU = Release|Any CPU
	EndGlobalSection
	GlobalSection(ProjectConfigurationPlatforms) = postSolution
		{A17D336E-37E9-4BE3-8B5A-2830BA6D3043}.Debug|Any CPU.ActiveCfg = Debug|Any CPU
		{A17D336E-37E9-4BE3-8B5A-2830BA6D3043}.Debug|Any CPU.Build.0 = Debug|Any CPU
		{A17D336E-37E9-4BE3-8B5A-2830BA6D3043}.Release|Any CPU.ActiveCfg = Release|Any CPU
		{A17D336E-37E9-4BE3-8B5A-2830BA6D3043}.Release|Any CPU.Build.0 = Release|Any CPU
		{EEBF24EE-9244-41BD-913B-7B9BADAA951C}.Debug|Any CPU.ActiveCfg = Debug|Any CPU
		{EEBF24EE-9244-41BD-913B-7B9BADAA951C}.Debug|Any CPU.Build.0 = Debug|Any CPU
		{EEBF24EE-9244-41BD-913B-7B9BADAA951C}.Release|Any CPU.ActiveCfg = Release|Any CPU
		{EEBF24EE-9244-41BD-913B-7B9BADAA951C}.Release|Any CPU.Build.0 = Release|Any CPU
		{3109A34A-4642-482E-8F44-6E6A64BB7A06}.Debug|Any CPU.ActiveCfg = Debug|Any CPU
		{3109A34A-4642-482E-8F44-6E6A64BB7A06}.Debug|Any CPU.Build.0 = Debug|Any CPU
		{3109A34A-4642-482E-8F44-6E6A64BB7A06}.Release|Any CPU.ActiveCfg = Release|Any CPU
		{3109A34A-4642-482E-8F44-6E6A64BB7A06}.Release|Any CPU.Build.0 = Release|Any CPU
		{474C5CA0-DB76-4233-B4CC-F065320FDDC4}.Debug|Any CPU.ActiveCfg = Debug|Any CPU
		{474C5CA0-DB76-4233-B4CC-F065320FDDC4}.Debug|Any CPU.Build.0 = Debug|Any CPU
		{474C5CA0-DB76-4233-B4CC-F065320FDDC4}.Release|Any CPU.ActiveCfg = Release|Any CPU
		{474C5CA0-DB76-4233-B4CC-F065320FDDC4}.Release|Any CPU.Build.0 = Release|Any CPU
		{2C9682A6-755C-4F50-A0A2-7C330E452ED0}.Debug|Any CPU.ActiveCfg = Debug|Any CPU
		{2C9682A6-755C-4F50-A0A2-7C330E452ED0}.Debug|Any CPU.Build.0 = Debug|Any CPU
		{2C9682A6-755C-4F50-A0A2-7C330E452ED0}.Release|Any CPU.ActiveCfg = Release|Any CPU
		{2C9682A6-755C-4F50-A0A2-7C330E452ED0}.Release|Any CPU.Build.0 = Release|Any CPU
		{715A13DC-7096-40BC-A8CE-BDEB0B2BA669}.Debug|Any CPU.ActiveCfg = Debug|Any CPU
		{715A13DC-7096-40BC-A8CE-BDEB0B2BA669}.Debug|Any CPU.Build.0 = Debug|Any CPU
		{715A13DC-7096-40BC-A8CE-BDEB0B2BA669}.Release|Any CPU.ActiveCfg = Release|Any CPU
		{715A13DC-7096-40BC-A8CE-BDEB0B2BA669}.Release|Any CPU.Build.0 = Release|Any CPU
		{39B57CB4-42F8-4F75-AA9D-3E1FF86E1A5A}.Debug|Any CPU.ActiveCfg = Debug|Any CPU
		{39B57CB4-42F8-4F75-AA9D-3E1FF86E1A5A}.Debug|Any CPU.Build.0 = Debug|Any CPU
		{39B57CB4-42F8-4F75-AA9D-3E1FF86E1A5A}.Release|Any CPU.ActiveCfg = Release|Any CPU
		{39B57CB4-42F8-4F75-AA9D-3E1FF86E1A5A}.Release|Any CPU.Build.0 = Release|Any CPU
		{8CE08079-90CB-425C-8181-55D9FD5FCAFB}.Debug|Any CPU.ActiveCfg = Debug|Any CPU
		{8CE08079-90CB-425C-8181-55D9FD5FCAFB}.Debug|Any CPU.Build.0 = Debug|Any CPU
		{8CE08079-90CB-425C-8181-55D9FD5FCAFB}.Release|Any CPU.ActiveCfg = Release|Any CPU
		{8CE08079-90CB-425C-8181-55D9FD5FCAFB}.Release|Any CPU.Build.0 = Release|Any CPU
		{A07BA20E-A313-4C97-BDF0-331B50234925}.Debug|Any CPU.ActiveCfg = Debug|Any CPU
		{A07BA20E-A313-4C97-BDF0-331B50234925}.Debug|Any CPU.Build.0 = Debug|Any CPU
		{A07BA20E-A313-4C97-BDF0-331B50234925}.Release|Any CPU.ActiveCfg = Release|Any CPU
		{A07BA20E-A313-4C97-BDF0-331B50234925}.Release|Any CPU.Build.0 = Release|Any CPU
		{69F71D95-98B8-41F3-B3CC-B48B295BFD5F}.Debug|Any CPU.ActiveCfg = Debug|Any CPU
		{69F71D95-98B8-41F3-B3CC-B48B295BFD5F}.Debug|Any CPU.Build.0 = Debug|Any CPU
		{69F71D95-98B8-41F3-B3CC-B48B295BFD5F}.Release|Any CPU.ActiveCfg = Release|Any CPU
		{69F71D95-98B8-41F3-B3CC-B48B295BFD5F}.Release|Any CPU.Build.0 = Release|Any CPU
		{097FC8AC-6F3E-439D-B951-AE5D4E6C0928}.Debug|Any CPU.ActiveCfg = Debug|Any CPU
		{097FC8AC-6F3E-439D-B951-AE5D4E6C0928}.Debug|Any CPU.Build.0 = Debug|Any CPU
		{097FC8AC-6F3E-439D-B951-AE5D4E6C0928}.Release|Any CPU.ActiveCfg = Release|Any CPU
		{097FC8AC-6F3E-439D-B951-AE5D4E6C0928}.Release|Any CPU.Build.0 = Release|Any CPU
		{A848DC1E-EDF3-44D4-A7A3-C9F874FA18B6}.Debug|Any CPU.ActiveCfg = Debug|Any CPU
		{A848DC1E-EDF3-44D4-A7A3-C9F874FA18B6}.Debug|Any CPU.Build.0 = Debug|Any CPU
		{A848DC1E-EDF3-44D4-A7A3-C9F874FA18B6}.Release|Any CPU.ActiveCfg = Release|Any CPU
		{A848DC1E-EDF3-44D4-A7A3-C9F874FA18B6}.Release|Any CPU.Build.0 = Release|Any CPU
		{4A434A96-B7D1-47C1-A77F-391F92AC9092}.Debug|Any CPU.ActiveCfg = Debug|Any CPU
		{4A434A96-B7D1-47C1-A77F-391F92AC9092}.Debug|Any CPU.Build.0 = Debug|Any CPU
		{4A434A96-B7D1-47C1-A77F-391F92AC9092}.Release|Any CPU.ActiveCfg = Release|Any CPU
		{4A434A96-B7D1-47C1-A77F-391F92AC9092}.Release|Any CPU.Build.0 = Release|Any CPU
		{473A716A-C504-4468-91CE-1EAACDBBF486}.Debug|Any CPU.ActiveCfg = Debug|Any CPU
		{473A716A-C504-4468-91CE-1EAACDBBF486}.Debug|Any CPU.Build.0 = Debug|Any CPU
		{473A716A-C504-4468-91CE-1EAACDBBF486}.Release|Any CPU.ActiveCfg = Release|Any CPU
		{473A716A-C504-4468-91CE-1EAACDBBF486}.Release|Any CPU.Build.0 = Release|Any CPU
		{EC966AF6-09D4-42C4-867D-FDDD72220430}.Debug|Any CPU.ActiveCfg = Debug|Any CPU
		{EC966AF6-09D4-42C4-867D-FDDD72220430}.Debug|Any CPU.Build.0 = Debug|Any CPU
		{EC966AF6-09D4-42C4-867D-FDDD72220430}.Release|Any CPU.ActiveCfg = Release|Any CPU
		{EC966AF6-09D4-42C4-867D-FDDD72220430}.Release|Any CPU.Build.0 = Release|Any CPU
		{CA476D9D-8DB4-4474-84D8-9082F68B77CF}.Debug|Any CPU.ActiveCfg = Debug|Any CPU
		{CA476D9D-8DB4-4474-84D8-9082F68B77CF}.Debug|Any CPU.Build.0 = Debug|Any CPU
		{CA476D9D-8DB4-4474-84D8-9082F68B77CF}.Release|Any CPU.ActiveCfg = Release|Any CPU
		{CA476D9D-8DB4-4474-84D8-9082F68B77CF}.Release|Any CPU.Build.0 = Release|Any CPU
		{E46530EC-D6C6-4A75-B3F9-97BD26D6EB53}.Debug|Any CPU.ActiveCfg = Debug|Any CPU
		{E46530EC-D6C6-4A75-B3F9-97BD26D6EB53}.Debug|Any CPU.Build.0 = Debug|Any CPU
		{E46530EC-D6C6-4A75-B3F9-97BD26D6EB53}.Release|Any CPU.ActiveCfg = Release|Any CPU
		{E46530EC-D6C6-4A75-B3F9-97BD26D6EB53}.Release|Any CPU.Build.0 = Release|Any CPU
		{96D910F0-239D-44D2-AAB7-E431CA8C6DA8}.Debug|Any CPU.ActiveCfg = Debug|Any CPU
		{96D910F0-239D-44D2-AAB7-E431CA8C6DA8}.Debug|Any CPU.Build.0 = Debug|Any CPU
		{96D910F0-239D-44D2-AAB7-E431CA8C6DA8}.Release|Any CPU.ActiveCfg = Release|Any CPU
		{96D910F0-239D-44D2-AAB7-E431CA8C6DA8}.Release|Any CPU.Build.0 = Release|Any CPU
		{CDF8F6E5-B0B4-415B-B2D0-52602651C26C}.Debug|Any CPU.ActiveCfg = Debug|Any CPU
		{CDF8F6E5-B0B4-415B-B2D0-52602651C26C}.Debug|Any CPU.Build.0 = Debug|Any CPU
		{CDF8F6E5-B0B4-415B-B2D0-52602651C26C}.Release|Any CPU.ActiveCfg = Release|Any CPU
		{CDF8F6E5-B0B4-415B-B2D0-52602651C26C}.Release|Any CPU.Build.0 = Release|Any CPU
		{FFE874B9-55D5-409D-918F-58F466B519C2}.Debug|Any CPU.ActiveCfg = Debug|Any CPU
		{FFE874B9-55D5-409D-918F-58F466B519C2}.Debug|Any CPU.Build.0 = Debug|Any CPU
		{FFE874B9-55D5-409D-918F-58F466B519C2}.Release|Any CPU.ActiveCfg = Release|Any CPU
		{FFE874B9-55D5-409D-918F-58F466B519C2}.Release|Any CPU.Build.0 = Release|Any CPU
		{D058C2BB-2EB2-4932-A278-3013ACDC2529}.Debug|Any CPU.ActiveCfg = Debug|Any CPU
		{D058C2BB-2EB2-4932-A278-3013ACDC2529}.Debug|Any CPU.Build.0 = Debug|Any CPU
		{D058C2BB-2EB2-4932-A278-3013ACDC2529}.Release|Any CPU.ActiveCfg = Release|Any CPU
		{D058C2BB-2EB2-4932-A278-3013ACDC2529}.Release|Any CPU.Build.0 = Release|Any CPU
		{F38DC50A-8126-4343-9AD9-44BB31009760}.Debug|Any CPU.ActiveCfg = Debug|Any CPU
		{F38DC50A-8126-4343-9AD9-44BB31009760}.Debug|Any CPU.Build.0 = Debug|Any CPU
		{F38DC50A-8126-4343-9AD9-44BB31009760}.Release|Any CPU.ActiveCfg = Release|Any CPU
		{F38DC50A-8126-4343-9AD9-44BB31009760}.Release|Any CPU.Build.0 = Release|Any CPU
		{3029CDA3-FBD2-48B8-88B9-73A03010127D}.Debug|Any CPU.ActiveCfg = Debug|Any CPU
		{3029CDA3-FBD2-48B8-88B9-73A03010127D}.Debug|Any CPU.Build.0 = Debug|Any CPU
		{3029CDA3-FBD2-48B8-88B9-73A03010127D}.Release|Any CPU.ActiveCfg = Release|Any CPU
		{3029CDA3-FBD2-48B8-88B9-73A03010127D}.Release|Any CPU.Build.0 = Release|Any CPU
		{F65ACCA3-C36B-4935-8EF2-7706E7BD26F5}.Debug|Any CPU.ActiveCfg = Debug|Any CPU
		{F65ACCA3-C36B-4935-8EF2-7706E7BD26F5}.Debug|Any CPU.Build.0 = Debug|Any CPU
		{F65ACCA3-C36B-4935-8EF2-7706E7BD26F5}.Release|Any CPU.ActiveCfg = Release|Any CPU
		{F65ACCA3-C36B-4935-8EF2-7706E7BD26F5}.Release|Any CPU.Build.0 = Release|Any CPU
		{8E466A20-FE70-46B5-8621-FE981DB4C9EB}.Debug|Any CPU.ActiveCfg = Debug|Any CPU
		{8E466A20-FE70-46B5-8621-FE981DB4C9EB}.Debug|Any CPU.Build.0 = Debug|Any CPU
		{8E466A20-FE70-46B5-8621-FE981DB4C9EB}.Release|Any CPU.ActiveCfg = Release|Any CPU
		{8E466A20-FE70-46B5-8621-FE981DB4C9EB}.Release|Any CPU.Build.0 = Release|Any CPU
		{52829873-7797-4C83-9FF8-4FA620F86445}.Debug|Any CPU.ActiveCfg = Debug|Any CPU
		{52829873-7797-4C83-9FF8-4FA620F86445}.Debug|Any CPU.Build.0 = Debug|Any CPU
		{52829873-7797-4C83-9FF8-4FA620F86445}.Release|Any CPU.ActiveCfg = Release|Any CPU
		{52829873-7797-4C83-9FF8-4FA620F86445}.Release|Any CPU.Build.0 = Release|Any CPU
		{1A593536-6712-490D-8E20-99CB7550D378}.Debug|Any CPU.ActiveCfg = Debug|Any CPU
		{1A593536-6712-490D-8E20-99CB7550D378}.Debug|Any CPU.Build.0 = Debug|Any CPU
		{1A593536-6712-490D-8E20-99CB7550D378}.Release|Any CPU.ActiveCfg = Release|Any CPU
		{1A593536-6712-490D-8E20-99CB7550D378}.Release|Any CPU.Build.0 = Release|Any CPU
		{C405948D-DC7B-4BF6-91ED-D3CD5046226A}.Debug|Any CPU.ActiveCfg = Debug|Any CPU
		{C405948D-DC7B-4BF6-91ED-D3CD5046226A}.Debug|Any CPU.Build.0 = Debug|Any CPU
		{C405948D-DC7B-4BF6-91ED-D3CD5046226A}.Release|Any CPU.ActiveCfg = Release|Any CPU
		{C405948D-DC7B-4BF6-91ED-D3CD5046226A}.Release|Any CPU.Build.0 = Release|Any CPU
		{4F71F458-DBCB-4B3D-A3BC-82638BB59188}.Debug|Any CPU.ActiveCfg = Debug|Any CPU
		{4F71F458-DBCB-4B3D-A3BC-82638BB59188}.Debug|Any CPU.Build.0 = Debug|Any CPU
		{4F71F458-DBCB-4B3D-A3BC-82638BB59188}.Release|Any CPU.ActiveCfg = Release|Any CPU
		{4F71F458-DBCB-4B3D-A3BC-82638BB59188}.Release|Any CPU.Build.0 = Release|Any CPU
		{E98BAA70-6779-4DEE-A5E2-BF0A3853147E}.Debug|Any CPU.ActiveCfg = Debug|Any CPU
		{E98BAA70-6779-4DEE-A5E2-BF0A3853147E}.Debug|Any CPU.Build.0 = Debug|Any CPU
		{E98BAA70-6779-4DEE-A5E2-BF0A3853147E}.Release|Any CPU.ActiveCfg = Release|Any CPU
		{E98BAA70-6779-4DEE-A5E2-BF0A3853147E}.Release|Any CPU.Build.0 = Release|Any CPU
		{D0AE5CDB-970F-4A20-BB90-2AEC1F9C6B8E}.Debug|Any CPU.ActiveCfg = Debug|Any CPU
		{D0AE5CDB-970F-4A20-BB90-2AEC1F9C6B8E}.Debug|Any CPU.Build.0 = Debug|Any CPU
		{D0AE5CDB-970F-4A20-BB90-2AEC1F9C6B8E}.Release|Any CPU.ActiveCfg = Release|Any CPU
		{D0AE5CDB-970F-4A20-BB90-2AEC1F9C6B8E}.Release|Any CPU.Build.0 = Release|Any CPU
		{0CE8B93D-3094-43C2-853A-E32B88234923}.Debug|Any CPU.ActiveCfg = Debug|Any CPU
		{0CE8B93D-3094-43C2-853A-E32B88234923}.Debug|Any CPU.Build.0 = Debug|Any CPU
		{0CE8B93D-3094-43C2-853A-E32B88234923}.Release|Any CPU.ActiveCfg = Release|Any CPU
		{0CE8B93D-3094-43C2-853A-E32B88234923}.Release|Any CPU.Build.0 = Release|Any CPU
		{27717FC4-FB8D-4EDF-BF81-A5F0AC575795}.Debug|Any CPU.ActiveCfg = Debug|Any CPU
		{27717FC4-FB8D-4EDF-BF81-A5F0AC575795}.Debug|Any CPU.Build.0 = Debug|Any CPU
		{27717FC4-FB8D-4EDF-BF81-A5F0AC575795}.Release|Any CPU.ActiveCfg = Release|Any CPU
		{27717FC4-FB8D-4EDF-BF81-A5F0AC575795}.Release|Any CPU.Build.0 = Release|Any CPU
		{D2C595BE-61F2-4A95-8A6D-E79E9AB3FE25}.Debug|Any CPU.ActiveCfg = Debug|Any CPU
		{D2C595BE-61F2-4A95-8A6D-E79E9AB3FE25}.Debug|Any CPU.Build.0 = Debug|Any CPU
		{D2C595BE-61F2-4A95-8A6D-E79E9AB3FE25}.Release|Any CPU.ActiveCfg = Release|Any CPU
		{D2C595BE-61F2-4A95-8A6D-E79E9AB3FE25}.Release|Any CPU.Build.0 = Release|Any CPU
		{316E3768-0343-4062-A28F-587677A46A56}.Debug|Any CPU.ActiveCfg = Debug|Any CPU
		{316E3768-0343-4062-A28F-587677A46A56}.Debug|Any CPU.Build.0 = Debug|Any CPU
		{316E3768-0343-4062-A28F-587677A46A56}.Release|Any CPU.ActiveCfg = Release|Any CPU
		{316E3768-0343-4062-A28F-587677A46A56}.Release|Any CPU.Build.0 = Release|Any CPU
		{FE20E052-E74E-41CE-A79C-B94EE22AF9A0}.Debug|Any CPU.ActiveCfg = Debug|Any CPU
		{FE20E052-E74E-41CE-A79C-B94EE22AF9A0}.Debug|Any CPU.Build.0 = Debug|Any CPU
		{FE20E052-E74E-41CE-A79C-B94EE22AF9A0}.Release|Any CPU.ActiveCfg = Release|Any CPU
		{FE20E052-E74E-41CE-A79C-B94EE22AF9A0}.Release|Any CPU.Build.0 = Release|Any CPU
		{CD4DFB05-6704-4A62-B937-48FBE7CE4C5B}.Debug|Any CPU.ActiveCfg = Debug|Any CPU
		{CD4DFB05-6704-4A62-B937-48FBE7CE4C5B}.Debug|Any CPU.Build.0 = Debug|Any CPU
		{CD4DFB05-6704-4A62-B937-48FBE7CE4C5B}.Release|Any CPU.ActiveCfg = Release|Any CPU
		{CD4DFB05-6704-4A62-B937-48FBE7CE4C5B}.Release|Any CPU.Build.0 = Release|Any CPU
		{50B82FDC-C07D-4EC0-A8BE-73CABCD93450}.Debug|Any CPU.ActiveCfg = Debug|Any CPU
		{50B82FDC-C07D-4EC0-A8BE-73CABCD93450}.Debug|Any CPU.Build.0 = Debug|Any CPU
		{50B82FDC-C07D-4EC0-A8BE-73CABCD93450}.Release|Any CPU.ActiveCfg = Release|Any CPU
		{50B82FDC-C07D-4EC0-A8BE-73CABCD93450}.Release|Any CPU.Build.0 = Release|Any CPU
		{25BBAE1B-4B78-478C-A7AE-C26E8A8D5676}.Debug|Any CPU.ActiveCfg = Debug|Any CPU
		{25BBAE1B-4B78-478C-A7AE-C26E8A8D5676}.Debug|Any CPU.Build.0 = Debug|Any CPU
		{25BBAE1B-4B78-478C-A7AE-C26E8A8D5676}.Release|Any CPU.ActiveCfg = Release|Any CPU
		{25BBAE1B-4B78-478C-A7AE-C26E8A8D5676}.Release|Any CPU.Build.0 = Release|Any CPU
		{2403DBDD-7229-44BE-8B55-F766F1719875}.Debug|Any CPU.ActiveCfg = Debug|Any CPU
		{2403DBDD-7229-44BE-8B55-F766F1719875}.Debug|Any CPU.Build.0 = Debug|Any CPU
		{2403DBDD-7229-44BE-8B55-F766F1719875}.Release|Any CPU.ActiveCfg = Release|Any CPU
		{2403DBDD-7229-44BE-8B55-F766F1719875}.Release|Any CPU.Build.0 = Release|Any CPU
		{5A2DD0F6-CEB1-449E-8A91-137B4590F473}.Debug|Any CPU.ActiveCfg = Debug|Any CPU
		{5A2DD0F6-CEB1-449E-8A91-137B4590F473}.Debug|Any CPU.Build.0 = Debug|Any CPU
		{5A2DD0F6-CEB1-449E-8A91-137B4590F473}.Release|Any CPU.ActiveCfg = Release|Any CPU
		{5A2DD0F6-CEB1-449E-8A91-137B4590F473}.Release|Any CPU.Build.0 = Release|Any CPU
		{767C6BB1-A027-45BC-8F24-E5F1A71E932A}.Debug|Any CPU.ActiveCfg = Debug|Any CPU
		{767C6BB1-A027-45BC-8F24-E5F1A71E932A}.Debug|Any CPU.Build.0 = Debug|Any CPU
		{767C6BB1-A027-45BC-8F24-E5F1A71E932A}.Release|Any CPU.ActiveCfg = Release|Any CPU
		{767C6BB1-A027-45BC-8F24-E5F1A71E932A}.Release|Any CPU.Build.0 = Release|Any CPU
		{0C30EA23-A386-48A6-948F-EC151B663CB8}.Debug|Any CPU.ActiveCfg = Debug|Any CPU
		{0C30EA23-A386-48A6-948F-EC151B663CB8}.Debug|Any CPU.Build.0 = Debug|Any CPU
		{0C30EA23-A386-48A6-948F-EC151B663CB8}.Release|Any CPU.ActiveCfg = Release|Any CPU
		{0C30EA23-A386-48A6-948F-EC151B663CB8}.Release|Any CPU.Build.0 = Release|Any CPU
		{08081436-797A-40C4-8EDC-0524F803E889}.Debug|Any CPU.ActiveCfg = Debug|Any CPU
		{08081436-797A-40C4-8EDC-0524F803E889}.Debug|Any CPU.Build.0 = Debug|Any CPU
		{08081436-797A-40C4-8EDC-0524F803E889}.Release|Any CPU.ActiveCfg = Release|Any CPU
		{08081436-797A-40C4-8EDC-0524F803E889}.Release|Any CPU.Build.0 = Release|Any CPU
		{8406FE57-0232-4FFF-ADC2-61C083AD6FBF}.Debug|Any CPU.ActiveCfg = Debug|Any CPU
		{8406FE57-0232-4FFF-ADC2-61C083AD6FBF}.Debug|Any CPU.Build.0 = Debug|Any CPU
		{8406FE57-0232-4FFF-ADC2-61C083AD6FBF}.Release|Any CPU.ActiveCfg = Release|Any CPU
		{8406FE57-0232-4FFF-ADC2-61C083AD6FBF}.Release|Any CPU.Build.0 = Release|Any CPU
	EndGlobalSection
	GlobalSection(SolutionProperties) = preSolution
		HideSolutionNode = FALSE
	EndGlobalSection
	GlobalSection(ExtensibilityGlobals) = postSolution
		SolutionGuid = {F9A0ACCD-91CD-46B9-80E2-4D8245664178}
	EndGlobalSection
	GlobalSection(NestedProjects) = preSolution
		{3029CDA3-FBD2-48B8-88B9-73A03010127D} = {DF467D2C-F9D3-4109-A30C-D814C37AE344}
		{F65ACCA3-C36B-4935-8EF2-7706E7BD26F5} = {DF467D2C-F9D3-4109-A30C-D814C37AE344}
		{8E466A20-FE70-46B5-8621-FE981DB4C9EB} = {DF467D2C-F9D3-4109-A30C-D814C37AE344}
		{52829873-7797-4C83-9FF8-4FA620F86445} = {DF467D2C-F9D3-4109-A30C-D814C37AE344}
		{1A593536-6712-490D-8E20-99CB7550D378} = {DF467D2C-F9D3-4109-A30C-D814C37AE344}
		{C405948D-DC7B-4BF6-91ED-D3CD5046226A} = {DF467D2C-F9D3-4109-A30C-D814C37AE344}
		{4F71F458-DBCB-4B3D-A3BC-82638BB59188} = {DF467D2C-F9D3-4109-A30C-D814C37AE344}
		{E98BAA70-6779-4DEE-A5E2-BF0A3853147E} = {DF467D2C-F9D3-4109-A30C-D814C37AE344}
		{D0AE5CDB-970F-4A20-BB90-2AEC1F9C6B8E} = {CA2864E0-6FB9-493F-B7A6-49ACD55D21D8}
		{0CE8B93D-3094-43C2-853A-E32B88234923} = {CA2864E0-6FB9-493F-B7A6-49ACD55D21D8}
		{27717FC4-FB8D-4EDF-BF81-A5F0AC575795} = {CA2864E0-6FB9-493F-B7A6-49ACD55D21D8}
		{D2C595BE-61F2-4A95-8A6D-E79E9AB3FE25} = {CA2864E0-6FB9-493F-B7A6-49ACD55D21D8}
		{316E3768-0343-4062-A28F-587677A46A56} = {CA2864E0-6FB9-493F-B7A6-49ACD55D21D8}
		{FE20E052-E74E-41CE-A79C-B94EE22AF9A0} = {CA2864E0-6FB9-493F-B7A6-49ACD55D21D8}
		{CD4DFB05-6704-4A62-B937-48FBE7CE4C5B} = {CA2864E0-6FB9-493F-B7A6-49ACD55D21D8}
		{50B82FDC-C07D-4EC0-A8BE-73CABCD93450} = {CA2864E0-6FB9-493F-B7A6-49ACD55D21D8}
		{25BBAE1B-4B78-478C-A7AE-C26E8A8D5676} = {CA2864E0-6FB9-493F-B7A6-49ACD55D21D8}
		{2403DBDD-7229-44BE-8B55-F766F1719875} = {CA2864E0-6FB9-493F-B7A6-49ACD55D21D8}
		{5A2DD0F6-CEB1-449E-8A91-137B4590F473} = {CA2864E0-6FB9-493F-B7A6-49ACD55D21D8}
		{767C6BB1-A027-45BC-8F24-E5F1A71E932A} = {CA2864E0-6FB9-493F-B7A6-49ACD55D21D8}
		{0C30EA23-A386-48A6-948F-EC151B663CB8} = {DE3E33AD-9A8D-4CAE-AED6-AE7E3D488CD4}
		{08081436-797A-40C4-8EDC-0524F803E889} = {DE3E33AD-9A8D-4CAE-AED6-AE7E3D488CD4}
		{8406FE57-0232-4FFF-ADC2-61C083AD6FBF} = {DE3E33AD-9A8D-4CAE-AED6-AE7E3D488CD4}
	EndGlobalSection
EndGlobal
